// !$*UTF8*$!
{
	archiveVersion = 1;
	classes = {
	};
	objectVersion = 46;
	objects = {

/* Begin PBXBuildFile section */
		704071091613C19200D58377 /* Default-568h@2x.png in Resources */ = {isa = PBXBuildFile; fileRef = 704071081613C19200D58377 /* Default-568h@2x.png */; };
		705C0EB015EDA25F00DE3866 /* UIKit.framework in Frameworks */ = {isa = PBXBuildFile; fileRef = 705C0EAF15EDA25F00DE3866 /* UIKit.framework */; };
		705C0EB215EDA25F00DE3866 /* Foundation.framework in Frameworks */ = {isa = PBXBuildFile; fileRef = 705C0EB115EDA25F00DE3866 /* Foundation.framework */; };
		705C0EB415EDA25F00DE3866 /* CoreGraphics.framework in Frameworks */ = {isa = PBXBuildFile; fileRef = 705C0EB315EDA25F00DE3866 /* CoreGraphics.framework */; };
		705C0EBA15EDA25F00DE3866 /* InfoPlist.strings in Resources */ = {isa = PBXBuildFile; fileRef = 705C0EB815EDA25F00DE3866 /* InfoPlist.strings */; };
		705C0EBC15EDA25F00DE3866 /* main.m in Sources */ = {isa = PBXBuildFile; fileRef = 705C0EBB15EDA25F00DE3866 /* main.m */; };
		705C0EC015EDA25F00DE3866 /* AppDelegate.m in Sources */ = {isa = PBXBuildFile; fileRef = 705C0EBF15EDA25F00DE3866 /* AppDelegate.m */; };
		705C0EC315EDA25F00DE3866 /* MainStoryboard.storyboard in Resources */ = {isa = PBXBuildFile; fileRef = 705C0EC115EDA25F00DE3866 /* MainStoryboard.storyboard */; };
		705C0EC615EDA25F00DE3866 /* MapViewController.m in Sources */ = {isa = PBXBuildFile; fileRef = 705C0EC515EDA25F00DE3866 /* MapViewController.m */; };
		705C0EC815EDA25F00DE3866 /* first.png in Resources */ = {isa = PBXBuildFile; fileRef = 705C0EC715EDA25F00DE3866 /* first.png */; };
		705C0ECA15EDA25F00DE3866 /* first@2x.png in Resources */ = {isa = PBXBuildFile; fileRef = 705C0EC915EDA25F00DE3866 /* first@2x.png */; };
		705C0ECD15EDA25F00DE3866 /* SecondViewController.m in Sources */ = {isa = PBXBuildFile; fileRef = 705C0ECC15EDA25F00DE3866 /* SecondViewController.m */; };
		705C0ECF15EDA25F00DE3866 /* second.png in Resources */ = {isa = PBXBuildFile; fileRef = 705C0ECE15EDA25F00DE3866 /* second.png */; };
		705C0ED115EDA25F00DE3866 /* second@2x.png in Resources */ = {isa = PBXBuildFile; fileRef = 705C0ED015EDA25F00DE3866 /* second@2x.png */; };
		705C0ED915EDA5AD00DE3866 /* MapKit.framework in Frameworks */ = {isa = PBXBuildFile; fileRef = 705C0ED715EDA59A00DE3866 /* MapKit.framework */; };
		708D373215F0616D00985E53 /* CoreLocation.framework in Frameworks */ = {isa = PBXBuildFile; fileRef = 708D372F15F0615F00985E53 /* CoreLocation.framework */; };
		709ECB1D15F2FFEC000F4B75 /* TunnelController.m in Sources */ = {isa = PBXBuildFile; fileRef = 709ECB1C15F2FFEC000F4B75 /* TunnelController.m */; };
		709ECB3215F3B328000F4B75 /* CourtAnnotation.m in Sources */ = {isa = PBXBuildFile; fileRef = 709ECB3115F3B327000F4B75 /* CourtAnnotation.m */; };
/* End PBXBuildFile section */

/* Begin PBXFileReference section */
		704071081613C19200D58377 /* Default-568h@2x.png */ = {isa = PBXFileReference; lastKnownFileType = image.png; path = "Default-568h@2x.png"; sourceTree = "<group>"; };
		705C0EAB15EDA25F00DE3866 /* Hopper.app */ = {isa = PBXFileReference; explicitFileType = wrapper.application; includeInIndex = 0; path = Hopper.app; sourceTree = BUILT_PRODUCTS_DIR; };
		705C0EAF15EDA25F00DE3866 /* UIKit.framework */ = {isa = PBXFileReference; lastKnownFileType = wrapper.framework; name = UIKit.framework; path = System/Library/Frameworks/UIKit.framework; sourceTree = SDKROOT; };
		705C0EB115EDA25F00DE3866 /* Foundation.framework */ = {isa = PBXFileReference; lastKnownFileType = wrapper.framework; name = Foundation.framework; path = System/Library/Frameworks/Foundation.framework; sourceTree = SDKROOT; };
		705C0EB315EDA25F00DE3866 /* CoreGraphics.framework */ = {isa = PBXFileReference; lastKnownFileType = wrapper.framework; name = CoreGraphics.framework; path = System/Library/Frameworks/CoreGraphics.framework; sourceTree = SDKROOT; };
		705C0EB715EDA25F00DE3866 /* Hopper-Info.plist */ = {isa = PBXFileReference; lastKnownFileType = text.plist.xml; path = "Hopper-Info.plist"; sourceTree = "<group>"; };
		705C0EB915EDA25F00DE3866 /* en */ = {isa = PBXFileReference; lastKnownFileType = text.plist.strings; name = en; path = en.lproj/InfoPlist.strings; sourceTree = "<group>"; };
		705C0EBB15EDA25F00DE3866 /* main.m */ = {isa = PBXFileReference; lastKnownFileType = sourcecode.c.objc; path = main.m; sourceTree = "<group>"; };
		705C0EBD15EDA25F00DE3866 /* Hopper-Prefix.pch */ = {isa = PBXFileReference; lastKnownFileType = sourcecode.c.h; path = "Hopper-Prefix.pch"; sourceTree = "<group>"; };
		705C0EBE15EDA25F00DE3866 /* AppDelegate.h */ = {isa = PBXFileReference; lastKnownFileType = sourcecode.c.h; path = AppDelegate.h; sourceTree = "<group>"; };
		705C0EBF15EDA25F00DE3866 /* AppDelegate.m */ = {isa = PBXFileReference; lastKnownFileType = sourcecode.c.objc; path = AppDelegate.m; sourceTree = "<group>"; };
		705C0EC215EDA25F00DE3866 /* en */ = {isa = PBXFileReference; lastKnownFileType = file.storyboard; name = en; path = en.lproj/MainStoryboard.storyboard; sourceTree = "<group>"; };
		705C0EC415EDA25F00DE3866 /* MapViewController.h */ = {isa = PBXFileReference; lastKnownFileType = sourcecode.c.h; path = MapViewController.h; sourceTree = "<group>"; };
		705C0EC515EDA25F00DE3866 /* MapViewController.m */ = {isa = PBXFileReference; lastKnownFileType = sourcecode.c.objc; path = MapViewController.m; sourceTree = "<group>"; };
		705C0EC715EDA25F00DE3866 /* first.png */ = {isa = PBXFileReference; lastKnownFileType = image.png; path = first.png; sourceTree = "<group>"; };
		705C0EC915EDA25F00DE3866 /* first@2x.png */ = {isa = PBXFileReference; lastKnownFileType = image.png; path = "first@2x.png"; sourceTree = "<group>"; };
		705C0ECB15EDA25F00DE3866 /* SecondViewController.h */ = {isa = PBXFileReference; lastKnownFileType = sourcecode.c.h; path = SecondViewController.h; sourceTree = "<group>"; };
		705C0ECC15EDA25F00DE3866 /* SecondViewController.m */ = {isa = PBXFileReference; lastKnownFileType = sourcecode.c.objc; path = SecondViewController.m; sourceTree = "<group>"; };
		705C0ECE15EDA25F00DE3866 /* second.png */ = {isa = PBXFileReference; lastKnownFileType = image.png; path = second.png; sourceTree = "<group>"; };
		705C0ED015EDA25F00DE3866 /* second@2x.png */ = {isa = PBXFileReference; lastKnownFileType = image.png; path = "second@2x.png"; sourceTree = "<group>"; };
		705C0ED715EDA59A00DE3866 /* MapKit.framework */ = {isa = PBXFileReference; lastKnownFileType = wrapper.framework; name = MapKit.framework; path = System/Library/Frameworks/MapKit.framework; sourceTree = SDKROOT; };
		708D372F15F0615F00985E53 /* CoreLocation.framework */ = {isa = PBXFileReference; lastKnownFileType = wrapper.framework; name = CoreLocation.framework; path = System/Library/Frameworks/CoreLocation.framework; sourceTree = SDKROOT; };
		709ECB1B15F2FFEC000F4B75 /* TunnelController.h */ = {isa = PBXFileReference; fileEncoding = 4; lastKnownFileType = sourcecode.c.h; path = TunnelController.h; sourceTree = "<group>"; };
		709ECB1C15F2FFEC000F4B75 /* TunnelController.m */ = {isa = PBXFileReference; fileEncoding = 4; lastKnownFileType = sourcecode.c.objc; path = TunnelController.m; sourceTree = "<group>"; };
		709ECB3015F3B327000F4B75 /* CourtAnnotation.h */ = {isa = PBXFileReference; fileEncoding = 4; lastKnownFileType = sourcecode.c.h; path = CourtAnnotation.h; sourceTree = "<group>"; };
		709ECB3115F3B327000F4B75 /* CourtAnnotation.m */ = {isa = PBXFileReference; fileEncoding = 4; lastKnownFileType = sourcecode.c.objc; path = CourtAnnotation.m; sourceTree = "<group>"; };
/* End PBXFileReference section */

/* Begin PBXFrameworksBuildPhase section */
		705C0EA815EDA25F00DE3866 /* Frameworks */ = {
			isa = PBXFrameworksBuildPhase;
			buildActionMask = 2147483647;
			files = (
				708D373215F0616D00985E53 /* CoreLocation.framework in Frameworks */,
				705C0ED915EDA5AD00DE3866 /* MapKit.framework in Frameworks */,
				705C0EB015EDA25F00DE3866 /* UIKit.framework in Frameworks */,
				705C0EB215EDA25F00DE3866 /* Foundation.framework in Frameworks */,
				705C0EB415EDA25F00DE3866 /* CoreGraphics.framework in Frameworks */,
			);
			runOnlyForDeploymentPostprocessing = 0;
		};
/* End PBXFrameworksBuildPhase section */

/* Begin PBXGroup section */
		705C0EA015EDA25F00DE3866 = {
			isa = PBXGroup;
			children = (
				705C0EB515EDA25F00DE3866 /* Hopper */,
				705C0EAE15EDA25F00DE3866 /* Frameworks */,
				705C0EAC15EDA25F00DE3866 /* Products */,
			);
			sourceTree = "<group>";
		};
		705C0EAC15EDA25F00DE3866 /* Products */ = {
			isa = PBXGroup;
			children = (
				705C0EAB15EDA25F00DE3866 /* Hopper.app */,
			);
			name = Products;
			sourceTree = "<group>";
		};
		705C0EAE15EDA25F00DE3866 /* Frameworks */ = {
			isa = PBXGroup;
			children = (
				708D372F15F0615F00985E53 /* CoreLocation.framework */,
				705C0ED715EDA59A00DE3866 /* MapKit.framework */,
				705C0EAF15EDA25F00DE3866 /* UIKit.framework */,
				705C0EB115EDA25F00DE3866 /* Foundation.framework */,
				705C0EB315EDA25F00DE3866 /* CoreGraphics.framework */,
			);
			name = Frameworks;
			sourceTree = "<group>";
		};
		705C0EB515EDA25F00DE3866 /* Hopper */ = {
			isa = PBXGroup;
			children = (
				705C0EC115EDA25F00DE3866 /* MainStoryboard.storyboard */,
				705C0EBE15EDA25F00DE3866 /* AppDelegate.h */,
				705C0EBF15EDA25F00DE3866 /* AppDelegate.m */,
				705C0EC415EDA25F00DE3866 /* MapViewController.h */,
				705C0EC515EDA25F00DE3866 /* MapViewController.m */,
				709ECB1B15F2FFEC000F4B75 /* TunnelController.h */,
				709ECB1C15F2FFEC000F4B75 /* TunnelController.m */,
				709ECB3015F3B327000F4B75 /* CourtAnnotation.h */,
				709ECB3115F3B327000F4B75 /* CourtAnnotation.m */,
				705C0EC715EDA25F00DE3866 /* first.png */,
				705C0EC915EDA25F00DE3866 /* first@2x.png */,
				705C0ECB15EDA25F00DE3866 /* SecondViewController.h */,
				705C0ECC15EDA25F00DE3866 /* SecondViewController.m */,
				705C0ECE15EDA25F00DE3866 /* second.png */,
				705C0ED015EDA25F00DE3866 /* second@2x.png */,
				704071081613C19200D58377 /* Default-568h@2x.png */,
				705C0EB615EDA25F00DE3866 /* Supporting Files */,
			);
			path = Hopper;
			sourceTree = "<group>";
		};
		705C0EB615EDA25F00DE3866 /* Supporting Files */ = {
			isa = PBXGroup;
			children = (
				705C0EB715EDA25F00DE3866 /* Hopper-Info.plist */,
				705C0EB815EDA25F00DE3866 /* InfoPlist.strings */,
				705C0EBB15EDA25F00DE3866 /* main.m */,
				705C0EBD15EDA25F00DE3866 /* Hopper-Prefix.pch */,
			);
			name = "Supporting Files";
			sourceTree = "<group>";
		};
/* End PBXGroup section */

/* Begin PBXNativeTarget section */
		705C0EAA15EDA25F00DE3866 /* Hopper */ = {
			isa = PBXNativeTarget;
			buildConfigurationList = 705C0ED415EDA25F00DE3866 /* Build configuration list for PBXNativeTarget "Hopper" */;
			buildPhases = (
				705C0EA715EDA25F00DE3866 /* Sources */,
				705C0EA815EDA25F00DE3866 /* Frameworks */,
				705C0EA915EDA25F00DE3866 /* Resources */,
			);
			buildRules = (
			);
			dependencies = (
			);
			name = Hopper;
			productName = Hopper;
			productReference = 705C0EAB15EDA25F00DE3866 /* Hopper.app */;
			productType = "com.apple.product-type.application";
		};
/* End PBXNativeTarget section */

/* Begin PBXProject section */
		705C0EA215EDA25F00DE3866 /* Project object */ = {
			isa = PBXProject;
			attributes = {
				LastUpgradeCheck = 0440;
				ORGANIZATIONNAME = "Ryan Hittner";
			};
			buildConfigurationList = 705C0EA515EDA25F00DE3866 /* Build configuration list for PBXProject "Hopper" */;
			compatibilityVersion = "Xcode 3.2";
			developmentRegion = English;
			hasScannedForEncodings = 0;
			knownRegions = (
				en,
			);
			mainGroup = 705C0EA015EDA25F00DE3866;
			productRefGroup = 705C0EAC15EDA25F00DE3866 /* Products */;
			projectDirPath = "";
			projectRoot = "";
			targets = (
				705C0EAA15EDA25F00DE3866 /* Hopper */,
			);
		};
/* End PBXProject section */

/* Begin PBXResourcesBuildPhase section */
		705C0EA915EDA25F00DE3866 /* Resources */ = {
			isa = PBXResourcesBuildPhase;
			buildActionMask = 2147483647;
			files = (
				705C0EBA15EDA25F00DE3866 /* InfoPlist.strings in Resources */,
				705C0EC315EDA25F00DE3866 /* MainStoryboard.storyboard in Resources */,
				705C0EC815EDA25F00DE3866 /* first.png in Resources */,
				705C0ECA15EDA25F00DE3866 /* first@2x.png in Resources */,
				705C0ECF15EDA25F00DE3866 /* second.png in Resources */,
				705C0ED115EDA25F00DE3866 /* second@2x.png in Resources */,
				704071091613C19200D58377 /* Default-568h@2x.png in Resources */,
			);
			runOnlyForDeploymentPostprocessing = 0;
		};
/* End PBXResourcesBuildPhase section */

/* Begin PBXSourcesBuildPhase section */
		705C0EA715EDA25F00DE3866 /* Sources */ = {
			isa = PBXSourcesBuildPhase;
			buildActionMask = 2147483647;
			files = (
				705C0EBC15EDA25F00DE3866 /* main.m in Sources */,
				705C0EC015EDA25F00DE3866 /* AppDelegate.m in Sources */,
				705C0EC615EDA25F00DE3866 /* MapViewController.m in Sources */,
				705C0ECD15EDA25F00DE3866 /* SecondViewController.m in Sources */,
				709ECB1D15F2FFEC000F4B75 /* TunnelController.m in Sources */,
				709ECB3215F3B328000F4B75 /* CourtAnnotation.m in Sources */,
			);
			runOnlyForDeploymentPostprocessing = 0;
		};
/* End PBXSourcesBuildPhase section */

/* Begin PBXVariantGroup section */
		705C0EB815EDA25F00DE3866 /* InfoPlist.strings */ = {
			isa = PBXVariantGroup;
			children = (
				705C0EB915EDA25F00DE3866 /* en */,
			);
			name = InfoPlist.strings;
			sourceTree = "<group>";
		};
		705C0EC115EDA25F00DE3866 /* MainStoryboard.storyboard */ = {
			isa = PBXVariantGroup;
			children = (
				705C0EC215EDA25F00DE3866 /* en */,
			);
			name = MainStoryboard.storyboard;
			sourceTree = "<group>";
		};
/* End PBXVariantGroup section */

/* Begin XCBuildConfiguration section */
		705C0ED215EDA25F00DE3866 /* Debug */ = {
			isa = XCBuildConfiguration;
			buildSettings = {
				ALWAYS_SEARCH_USER_PATHS = NO;
				ARCHS = "$(ARCHS_STANDARD_32_BIT)";
				CLANG_CXX_LANGUAGE_STANDARD = "gnu++0x";
				CLANG_ENABLE_OBJC_ARC = YES;
				CLANG_WARN__DUPLICATE_METHOD_MATCH = YES;
				"CODE_SIGN_IDENTITY[sdk=iphoneos*]" = "iPhone Developer";
				COPY_PHASE_STRIP = NO;
				GCC_C_LANGUAGE_STANDARD = gnu99;
				GCC_DYNAMIC_NO_PIC = NO;
				GCC_OPTIMIZATION_LEVEL = 0;
				GCC_PREPROCESSOR_DEFINITIONS = (
					"DEBUG=1",
					"$(inherited)",
				);
				GCC_SYMBOLS_PRIVATE_EXTERN = NO;
				GCC_VERSION = com.apple.compilers.llvm.clang.1_0;
				GCC_WARN_ABOUT_RETURN_TYPE = YES;
				GCC_WARN_UNINITIALIZED_AUTOS = YES;
				GCC_WARN_UNUSED_VARIABLE = YES;
				IPHONEOS_DEPLOYMENT_TARGET = 6.0;
				SDKROOT = iphoneos;
			};
			name = Debug;
		};
		705C0ED315EDA25F00DE3866 /* Release */ = {
			isa = XCBuildConfiguration;
			buildSettings = {
				ALWAYS_SEARCH_USER_PATHS = NO;
				ARCHS = "$(ARCHS_STANDARD_32_BIT)";
				CLANG_CXX_LANGUAGE_STANDARD = "gnu++0x";
				CLANG_ENABLE_OBJC_ARC = YES;
				CLANG_WARN__DUPLICATE_METHOD_MATCH = YES;
				"CODE_SIGN_IDENTITY[sdk=iphoneos*]" = "iPhone Developer";
				COPY_PHASE_STRIP = YES;
				GCC_C_LANGUAGE_STANDARD = gnu99;
				GCC_VERSION = com.apple.compilers.llvm.clang.1_0;
				GCC_WARN_ABOUT_RETURN_TYPE = YES;
				GCC_WARN_UNINITIALIZED_AUTOS = YES;
				GCC_WARN_UNUSED_VARIABLE = YES;
				IPHONEOS_DEPLOYMENT_TARGET = 6.0;
				OTHER_CFLAGS = "-DNS_BLOCK_ASSERTIONS=1";
				SDKROOT = iphoneos;
				VALIDATE_PRODUCT = YES;
			};
			name = Release;
		};
		705C0ED515EDA25F00DE3866 /* Debug */ = {
			isa = XCBuildConfiguration;
			buildSettings = {
				GCC_PRECOMPILE_PREFIX_HEADER = YES;
				GCC_PREFIX_HEADER = "Hopper/Hopper-Prefix.pch";
				INFOPLIST_FILE = "Hopper/Hopper-Info.plist";
				PRODUCT_NAME = "$(TARGET_NAME)";
				TARGETED_DEVICE_FAMILY = 1;
				WRAPPER_EXTENSION = app;
			};
			name = Debug;
		};
		705C0ED615EDA25F00DE3866 /* Release */ = {
			isa = XCBuildConfiguration;
			buildSettings = {
				GCC_PRECOMPILE_PREFIX_HEADER = YES;
				GCC_PREFIX_HEADER = "Hopper/Hopper-Prefix.pch";
				INFOPLIST_FILE = "Hopper/Hopper-Info.plist";
				PRODUCT_NAME = "$(TARGET_NAME)";
				TARGETED_DEVICE_FAMILY = 1;
				WRAPPER_EXTENSION = app;
			};
			name = Release;
		};
/* End XCBuildConfiguration section */

/* Begin XCConfigurationList section */
		705C0EA515EDA25F00DE3866 /* Build configuration list for PBXProject "Hopper" */ = {
			isa = XCConfigurationList;
			buildConfigurations = (
				705C0ED215EDA25F00DE3866 /* Debug */,
				705C0ED315EDA25F00DE3866 /* Release */,
			);
			defaultConfigurationIsVisible = 0;
			defaultConfigurationName = Release;
		};
		705C0ED415EDA25F00DE3866 /* Build configuration list for PBXNativeTarget "Hopper" */ = {
			isa = XCConfigurationList;
			buildConfigurations = (
				705C0ED515EDA25F00DE3866 /* Debug */,
				705C0ED615EDA25F00DE3866 /* Release */,
			);
			defaultConfigurationIsVisible = 0;
			defaultConfigurationName = Release;
		};
/* End XCConfigurationList section */
	};
	rootObject = 705C0EA215EDA25F00DE3866 /* Project object */;
}
